
Microsoft Visual Studio Solution File, Format Version 12.00
# Visual Studio Version 17
VisualStudioVersion = 17.7.34009.444
MinimumVisualStudioVersion = 10.0.40219.1
Project("{FAE04EC0-301F-11D3-BF4B-00C04F79EFBC}") = "ManejoPresupuesto_2", "ManejoPresupuesto_2\ManejoPresupuesto_2.csproj", "{79ABA6E0-36BE-473D-AD8E-8E0700552F78}"
EndProject
Global
	GlobalSection(SolutionConfigurationPlatforms) = preSolution
		Debug|Any CPU = Debug|Any CPU
		Release|Any CPU = Release|Any CPU
	EndGlobalSection
	GlobalSection(ProjectConfigurationPlatforms) = postSolution
		{79ABA6E0-36BE-473D-AD8E-8E0700552F78}.Debug|Any CPU.ActiveCfg = Debug|Any CPU
		{79ABA6E0-36BE-473D-AD8E-8E0700552F78}.Debug|Any CPU.Build.0 = Debug|Any CPU
		{79ABA6E0-36BE-473D-AD8E-8E0700552F78}.Release|Any CPU.ActiveCfg = Release|Any CPU
		{79ABA6E0-36BE-473D-AD8E-8E0700552F78}.Release|Any CPU.Build.0 = Release|Any CPU
	EndGlobalSection
	GlobalSection(SolutionProperties) = preSolution
		HideSolutionNode = FALSE
	EndGlobalSection
	GlobalSection(ExtensibilityGlobals) = postSolution
		SolutionGuid = {F01D82B8-03C8-4FED-9A47-24A4A31890C8}
	EndGlobalSection
EndGlobal
